{"format_version":"1.1","terraform_version":"1.2.5","planned_values":{"outputs":{"bucket_id":{"sensitive":false}},"root_module":{"resources":[{"address":"aws_s3_bucket.this","mode":"managed","type":"aws_s3_bucket","name":"this","provider_name":"registry.terraform.io/hashicorp/aws","schema_version":0,"values":{"acl":"private","bucket":"my-tf-test-bucket","force_destroy":false,"tags":null,"timeouts":null,"versioning":[{"enabled":false,"mfa_delete":false}]},"sensitive_values":{"cors_rule":[],"grant":[],"lifecycle_rule":[],"logging":[],"object_lock_configuration":[],"replication_configuration":[],"server_side_encryption_configuration":[],"tags_all":{},"versioning":[{}],"website":[]}}]}},"resource_changes":[{"address":"aws_s3_bucket.this","mode":"managed","type":"aws_s3_bucket","name":"this","provider_name":"registry.terraform.io/hashicorp/aws","change":{"actions":["create"],"before":null,"after":{"acl":"private","bucket":"my-tf-test-bucket","force_destroy":false,"tags":null,"timeouts":null,"versioning":[{"enabled":false,"mfa_delete":false}]},"after_unknown":{"acceleration_status":true,"arn":true,"bucket_domain_name":true,"bucket_prefix":true,"bucket_regional_domain_name":true,"cors_rule":true,"grant":true,"hosted_zone_id":true,"id":true,"lifecycle_rule":true,"logging":true,"object_lock_configuration":true,"object_lock_enabled":true,"policy":true,"region":true,"replication_configuration":true,"request_payer":true,"server_side_encryption_configuration":true,"tags_all":true,"versioning":[{}],"website":true,"website_domain":true,"website_endpoint":true},"before_sensitive":false,"after_sensitive":{"cors_rule":[],"grant":[],"lifecycle_rule":[],"logging":[],"object_lock_configuration":[],"replication_configuration":[],"server_side_encryption_configuration":[],"tags_all":{},"versioning":[{}],"website":[]}}}],"output_changes":{"bucket_id":{"actions":["create"],"before":null,"after_unknown":true,"before_sensitive":false,"after_sensitive":false}},"configuration":{"provider_config":{"aws":{"name":"aws","full_name":"registry.terraform.io/hashicorp/aws","expressions":{"region":{"constant_value":"us-east-1"}}}},"root_module":{"outputs":{"bucket_id":{"expression":{"references":["aws_s3_bucket.this.id","aws_s3_bucket.this"]}}},"resources":[{"address":"aws_s3_bucket.this","mode":"managed","type":"aws_s3_bucket","name":"this","provider_config_key":"aws","expressions":{"acl":{"constant_value":"private"},"bucket":{"constant_value":"my-tf-test-bucket"},"versioning":[{"enabled":{"constant_value":false}}]},"schema_version":0}]}},"relevant_attributes":[{"resource":"aws_s3_bucket.this","attribute":["id"]}]}
